// !$*UTF8*$!
{
	archiveVersion = 1;
	classes = {
	};
	objectVersion = 56;
	objects = {

/* Begin PBXBuildFile section */
		2E0BC9D12C88C51B004B23C0 /* GoogleService-Info.plist in Resources */ = {isa = PBXBuildFile; fileRef = 2E0BC9D02C88C51B004B23C0 /* GoogleService-Info.plist */; };
		2E8C0E092C8DA435006C34A6 /* WidgetKit.framework in Frameworks */ = {isa = PBXBuildFile; fileRef = 2E476AB22C8AD55100781E93 /* WidgetKit.framework */; };
		2E8C0E0A2C8DA435006C34A6 /* SwiftUI.framework in Frameworks */ = {isa = PBXBuildFile; fileRef = 2E476AB42C8AD55200781E93 /* SwiftUI.framework */; };
		2E8C0E0D2C8DA435006C34A6 /* memeWidgetBundle.swift in Sources */ = {isa = PBXBuildFile; fileRef = 2E8C0E0C2C8DA435006C34A6 /* memeWidgetBundle.swift */; };
		2E8C0E0F2C8DA435006C34A6 /* memeWidget.swift in Sources */ = {isa = PBXBuildFile; fileRef = 2E8C0E0E2C8DA435006C34A6 /* memeWidget.swift */; };
		2E8C0E112C8DA437006C34A6 /* Assets.xcassets in Resources */ = {isa = PBXBuildFile; fileRef = 2E8C0E102C8DA437006C34A6 /* Assets.xcassets */; };
		2E8C0E152C8DA437006C34A6 /* memeWidgetExtension.appex in Embed Foundation Extensions */ = {isa = PBXBuildFile; fileRef = 2E8C0E082C8DA435006C34A6 /* memeWidgetExtension.appex */; settings = {ATTRIBUTES = (RemoveHeadersOnCopy, ); }; };
		2E8C0E1B2C8E86E1006C34A6 /* DataProvider.swift in Sources */ = {isa = PBXBuildFile; fileRef = 2E8C0E192C8E86DD006C34A6 /* DataProvider.swift */; };
		2E8C0E1C2C8E870B006C34A6 /* MemeTemplate.swift in Sources */ = {isa = PBXBuildFile; fileRef = 6C76DD5E2C85D7260015F820 /* MemeTemplate.swift */; };
		2E8C0E1E2C8E8805006C34A6 /* FirebaseAnalytics in Frameworks */ = {isa = PBXBuildFile; productRef = 2E8C0E1D2C8E8805006C34A6 /* FirebaseAnalytics */; };
		2E8C0E202C8E8805006C34A6 /* FirebaseFirestore in Frameworks */ = {isa = PBXBuildFile; productRef = 2E8C0E1F2C8E8805006C34A6 /* FirebaseFirestore */; };
		2E8C0E222C8E8805006C34A6 /* FirebaseStorage in Frameworks */ = {isa = PBXBuildFile; productRef = 2E8C0E212C8E8805006C34A6 /* FirebaseStorage */; };
		2E8C0E242C8E8818006C34A6 /* Alamofire in Frameworks */ = {isa = PBXBuildFile; productRef = 2E8C0E232C8E8818006C34A6 /* Alamofire */; };
		2E8C0E282C8E996D006C34A6 /* GoogleService-Info.plist in Resources */ = {isa = PBXBuildFile; fileRef = 2E0BC9D02C88C51B004B23C0 /* GoogleService-Info.plist */; };
		2E8C0E302C8EB530006C34A6 /* Main.storyboard in Resources */ = {isa = PBXBuildFile; fileRef = 2ED969512C7C712B004BF926 /* Main.storyboard */; };
		2EB1445F2C80553E0092287B /* FeedCell.swift in Sources */ = {isa = PBXBuildFile; fileRef = 2EB1445E2C80553E0092287B /* FeedCell.swift */; };
		2EB144672C80652F0092287B /* FeedViewController.swift in Sources */ = {isa = PBXBuildFile; fileRef = 2EB144662C80652F0092287B /* FeedViewController.swift */; };
		2EB1446A2C80AA2A0092287B /* Alamofire in Frameworks */ = {isa = PBXBuildFile; productRef = 2EB144692C80AA2A0092287B /* Alamofire */; };
		2ED9694C2C7C712B004BF926 /* AppDelegate.swift in Sources */ = {isa = PBXBuildFile; fileRef = 2ED9694B2C7C712B004BF926 /* AppDelegate.swift */; };
		2ED9694E2C7C712B004BF926 /* SceneDelegate.swift in Sources */ = {isa = PBXBuildFile; fileRef = 2ED9694D2C7C712B004BF926 /* SceneDelegate.swift */; };
		2ED969502C7C712B004BF926 /* ViewController.swift in Sources */ = {isa = PBXBuildFile; fileRef = 2ED9694F2C7C712B004BF926 /* ViewController.swift */; };
		2ED969532C7C712B004BF926 /* Base in Resources */ = {isa = PBXBuildFile; fileRef = 2ED969522C7C712B004BF926 /* Base */; };
		2ED969552C7C712D004BF926 /* Assets.xcassets in Resources */ = {isa = PBXBuildFile; fileRef = 2ED969542C7C712D004BF926 /* Assets.xcassets */; };
		2ED969582C7C712D004BF926 /* Base in Resources */ = {isa = PBXBuildFile; fileRef = 2ED969572C7C712D004BF926 /* Base */; };
		6C76DD5F2C85D7260015F820 /* MemeTemplate.swift in Sources */ = {isa = PBXBuildFile; fileRef = 6C76DD5E2C85D7260015F820 /* MemeTemplate.swift */; };
		6C76DD612C85D72C0015F820 /* MemeTemplatesCollectionViewCell.swift in Sources */ = {isa = PBXBuildFile; fileRef = 6C76DD602C85D72C0015F820 /* MemeTemplatesCollectionViewCell.swift */; };
		6C76DD632C85D7340015F820 /* MemeViewController.swift in Sources */ = {isa = PBXBuildFile; fileRef = 6C76DD622C85D7340015F820 /* MemeViewController.swift */; };
		6CD813B62C8736BD001D479A /* FirebaseAnalytics in Frameworks */ = {isa = PBXBuildFile; productRef = 6CD813B52C8736BD001D479A /* FirebaseAnalytics */; };
		6CD813B82C874238001D479A /* FirebaseStorage in Frameworks */ = {isa = PBXBuildFile; productRef = 6CD813B72C874238001D479A /* FirebaseStorage */; };
/* End PBXBuildFile section */

/* Begin PBXContainerItemProxy section */
		2E8C0E132C8DA437006C34A6 /* PBXContainerItemProxy */ = {
			isa = PBXContainerItemProxy;
			containerPortal = 2ED969402C7C712B004BF926 /* Project object */;
			proxyType = 1;
			remoteGlobalIDString = 2E8C0E072C8DA435006C34A6;
			remoteInfo = memeWidgetExtension;
		};
/* End PBXContainerItemProxy section */

/* Begin PBXCopyFilesBuildPhase section */
		2E476AC52C8AD55400781E93 /* Embed Foundation Extensions */ = {
			isa = PBXCopyFilesBuildPhase;
			buildActionMask = 2147483647;
			dstPath = "";
			dstSubfolderSpec = 13;
			files = (
				2E8C0E152C8DA437006C34A6 /* memeWidgetExtension.appex in Embed Foundation Extensions */,
			);
			name = "Embed Foundation Extensions";
			runOnlyForDeploymentPostprocessing = 0;
		};
/* End PBXCopyFilesBuildPhase section */

/* Begin PBXFileReference section */
		2E0BC9D02C88C51B004B23C0 /* GoogleService-Info.plist */ = {isa = PBXFileReference; fileEncoding = 4; lastKnownFileType = text.plist.xml; path = "GoogleService-Info.plist"; sourceTree = "<group>"; };
		2E476AB22C8AD55100781E93 /* WidgetKit.framework */ = {isa = PBXFileReference; lastKnownFileType = wrapper.framework; name = WidgetKit.framework; path = System/Library/Frameworks/WidgetKit.framework; sourceTree = SDKROOT; };
		2E476AB42C8AD55200781E93 /* SwiftUI.framework */ = {isa = PBXFileReference; lastKnownFileType = wrapper.framework; name = SwiftUI.framework; path = System/Library/Frameworks/SwiftUI.framework; sourceTree = SDKROOT; };
		2E8C0DFF2C8D96D0006C34A6 /* memeWidgetExtension.entitlements */ = {isa = PBXFileReference; lastKnownFileType = text.plist.entitlements; path = memeWidgetExtension.entitlements; sourceTree = "<group>"; };
		2E8C0E002C8D970D006C34A6 /* MemeGenerator.entitlements */ = {isa = PBXFileReference; lastKnownFileType = text.plist.entitlements; path = MemeGenerator.entitlements; sourceTree = "<group>"; };
		2E8C0E082C8DA435006C34A6 /* memeWidgetExtension.appex */ = {isa = PBXFileReference; explicitFileType = "wrapper.app-extension"; includeInIndex = 0; path = memeWidgetExtension.appex; sourceTree = BUILT_PRODUCTS_DIR; };
		2E8C0E0C2C8DA435006C34A6 /* memeWidgetBundle.swift */ = {isa = PBXFileReference; lastKnownFileType = sourcecode.swift; path = memeWidgetBundle.swift; sourceTree = "<group>"; };
		2E8C0E0E2C8DA435006C34A6 /* memeWidget.swift */ = {isa = PBXFileReference; lastKnownFileType = sourcecode.swift; path = memeWidget.swift; sourceTree = "<group>"; };
		2E8C0E102C8DA437006C34A6 /* Assets.xcassets */ = {isa = PBXFileReference; lastKnownFileType = folder.assetcatalog; path = Assets.xcassets; sourceTree = "<group>"; };
		2E8C0E122C8DA437006C34A6 /* Info.plist */ = {isa = PBXFileReference; lastKnownFileType = text.plist.xml; path = Info.plist; sourceTree = "<group>"; };
		2E8C0E192C8E86DD006C34A6 /* DataProvider.swift */ = {isa = PBXFileReference; lastKnownFileType = sourcecode.swift; path = DataProvider.swift; sourceTree = "<group>"; };
		2E8C0E2B2C8EB246006C34A6 /* th */ = {isa = PBXFileReference; lastKnownFileType = text.plist.strings; name = th; path = th.lproj/Main.strings; sourceTree = "<group>"; };
		2E8C0E2C2C8EB246006C34A6 /* th */ = {isa = PBXFileReference; lastKnownFileType = text.plist.strings; name = th; path = th.lproj/LaunchScreen.strings; sourceTree = "<group>"; };
		2EB1445E2C80553E0092287B /* FeedCell.swift */ = {isa = PBXFileReference; lastKnownFileType = sourcecode.swift; path = FeedCell.swift; sourceTree = "<group>"; };
		2EB144662C80652F0092287B /* FeedViewController.swift */ = {isa = PBXFileReference; lastKnownFileType = sourcecode.swift; path = FeedViewController.swift; sourceTree = "<group>"; };
		2ED969482C7C712B004BF926 /* MemeGenerator.app */ = {isa = PBXFileReference; explicitFileType = wrapper.application; includeInIndex = 0; path = MemeGenerator.app; sourceTree = BUILT_PRODUCTS_DIR; };
		2ED9694B2C7C712B004BF926 /* AppDelegate.swift */ = {isa = PBXFileReference; lastKnownFileType = sourcecode.swift; path = AppDelegate.swift; sourceTree = "<group>"; };
		2ED9694D2C7C712B004BF926 /* SceneDelegate.swift */ = {isa = PBXFileReference; lastKnownFileType = sourcecode.swift; path = SceneDelegate.swift; sourceTree = "<group>"; };
		2ED9694F2C7C712B004BF926 /* ViewController.swift */ = {isa = PBXFileReference; lastKnownFileType = sourcecode.swift; path = ViewController.swift; sourceTree = "<group>"; };
		2ED969522C7C712B004BF926 /* Base */ = {isa = PBXFileReference; lastKnownFileType = file.storyboard; name = Base; path = Base.lproj/Main.storyboard; sourceTree = "<group>"; };
		2ED969542C7C712D004BF926 /* Assets.xcassets */ = {isa = PBXFileReference; lastKnownFileType = folder.assetcatalog; path = Assets.xcassets; sourceTree = "<group>"; };
		2ED969572C7C712D004BF926 /* Base */ = {isa = PBXFileReference; lastKnownFileType = file.storyboard; name = Base; path = Base.lproj/LaunchScreen.storyboard; sourceTree = "<group>"; };
		2ED969592C7C712D004BF926 /* Info.plist */ = {isa = PBXFileReference; lastKnownFileType = text.plist.xml; path = Info.plist; sourceTree = "<group>"; };
		6C76DD5E2C85D7260015F820 /* MemeTemplate.swift */ = {isa = PBXFileReference; fileEncoding = 4; lastKnownFileType = sourcecode.swift; path = MemeTemplate.swift; sourceTree = "<group>"; };
		6C76DD602C85D72C0015F820 /* MemeTemplatesCollectionViewCell.swift */ = {isa = PBXFileReference; fileEncoding = 4; lastKnownFileType = sourcecode.swift; path = MemeTemplatesCollectionViewCell.swift; sourceTree = "<group>"; };
		6C76DD622C85D7340015F820 /* MemeViewController.swift */ = {isa = PBXFileReference; fileEncoding = 4; lastKnownFileType = sourcecode.swift; path = MemeViewController.swift; sourceTree = "<group>"; };
/* End PBXFileReference section */

/* Begin PBXFrameworksBuildPhase section */
		2E8C0E052C8DA435006C34A6 /* Frameworks */ = {
			isa = PBXFrameworksBuildPhase;
			buildActionMask = 2147483647;
			files = (
				2E8C0E0A2C8DA435006C34A6 /* SwiftUI.framework in Frameworks */,
				2E8C0E202C8E8805006C34A6 /* FirebaseFirestore in Frameworks */,
				2E8C0E092C8DA435006C34A6 /* WidgetKit.framework in Frameworks */,
				2E8C0E242C8E8818006C34A6 /* Alamofire in Frameworks */,
				2E8C0E222C8E8805006C34A6 /* FirebaseStorage in Frameworks */,
				2E8C0E1E2C8E8805006C34A6 /* FirebaseAnalytics in Frameworks */,
			);
			runOnlyForDeploymentPostprocessing = 0;
		};
		2ED969452C7C712B004BF926 /* Frameworks */ = {
			isa = PBXFrameworksBuildPhase;
			buildActionMask = 2147483647;
			files = (
				6CD813B62C8736BD001D479A /* FirebaseAnalytics in Frameworks */,
				2EB1446A2C80AA2A0092287B /* Alamofire in Frameworks */,
				6CD813B82C874238001D479A /* FirebaseStorage in Frameworks */,
			);
			runOnlyForDeploymentPostprocessing = 0;
		};
/* End PBXFrameworksBuildPhase section */

/* Begin PBXGroup section */
		2E476AB12C8AD55100781E93 /* Frameworks */ = {
			isa = PBXGroup;
			children = (
				2E476AB22C8AD55100781E93 /* WidgetKit.framework */,
				2E476AB42C8AD55200781E93 /* SwiftUI.framework */,
			);
			name = Frameworks;
			sourceTree = "<group>";
		};
		2E8C0E0B2C8DA435006C34A6 /* memeWidget */ = {
			isa = PBXGroup;
			children = (
				2E8C0E0C2C8DA435006C34A6 /* memeWidgetBundle.swift */,
				2E8C0E0E2C8DA435006C34A6 /* memeWidget.swift */,
				2E8C0E102C8DA437006C34A6 /* Assets.xcassets */,
				2E8C0E122C8DA437006C34A6 /* Info.plist */,
				2E8C0E192C8E86DD006C34A6 /* DataProvider.swift */,
			);
			path = memeWidget;
			sourceTree = "<group>";
		};
		2ED9693F2C7C712B004BF926 = {
			isa = PBXGroup;
			children = (
				2E8C0DFF2C8D96D0006C34A6 /* memeWidgetExtension.entitlements */,
				2ED9694A2C7C712B004BF926 /* MemeGenerator */,
				2E8C0E0B2C8DA435006C34A6 /* memeWidget */,
				2E476AB12C8AD55100781E93 /* Frameworks */,
				2ED969492C7C712B004BF926 /* Products */,
			);
			sourceTree = "<group>";
		};
		2ED969492C7C712B004BF926 /* Products */ = {
			isa = PBXGroup;
			children = (
				2ED969482C7C712B004BF926 /* MemeGenerator.app */,
				2E8C0E082C8DA435006C34A6 /* memeWidgetExtension.appex */,
			);
			name = Products;
			sourceTree = "<group>";
		};
		2ED9694A2C7C712B004BF926 /* MemeGenerator */ = {
			isa = PBXGroup;
			children = (
				2E8C0E002C8D970D006C34A6 /* MemeGenerator.entitlements */,
				6C76DD5E2C85D7260015F820 /* MemeTemplate.swift */,
				2ED9694B2C7C712B004BF926 /* AppDelegate.swift */,
				2ED9694D2C7C712B004BF926 /* SceneDelegate.swift */,
				2ED9694F2C7C712B004BF926 /* ViewController.swift */,
				6C76DD602C85D72C0015F820 /* MemeTemplatesCollectionViewCell.swift */,
				6C76DD622C85D7340015F820 /* MemeViewController.swift */,
				2EB1445E2C80553E0092287B /* FeedCell.swift */,
				2EB144662C80652F0092287B /* FeedViewController.swift */,
				2ED969512C7C712B004BF926 /* Main.storyboard */,
				2ED969542C7C712D004BF926 /* Assets.xcassets */,
				2E0BC9D02C88C51B004B23C0 /* GoogleService-Info.plist */,
				2ED969562C7C712D004BF926 /* LaunchScreen.storyboard */,
				2ED969592C7C712D004BF926 /* Info.plist */,
			);
			path = MemeGenerator;
			sourceTree = "<group>";
		};
/* End PBXGroup section */

/* Begin PBXNativeTarget section */
		2E8C0E072C8DA435006C34A6 /* memeWidgetExtension */ = {
			isa = PBXNativeTarget;
			buildConfigurationList = 2E8C0E162C8DA437006C34A6 /* Build configuration list for PBXNativeTarget "memeWidgetExtension" */;
			buildPhases = (
				2E8C0E042C8DA435006C34A6 /* Sources */,
				2E8C0E052C8DA435006C34A6 /* Frameworks */,
				2E8C0E062C8DA435006C34A6 /* Resources */,
			);
			buildRules = (
			);
			dependencies = (
			);
			name = memeWidgetExtension;
			packageProductDependencies = (
				2E8C0E1D2C8E8805006C34A6 /* FirebaseAnalytics */,
				2E8C0E1F2C8E8805006C34A6 /* FirebaseFirestore */,
				2E8C0E212C8E8805006C34A6 /* FirebaseStorage */,
				2E8C0E232C8E8818006C34A6 /* Alamofire */,
			);
			productName = memeWidgetExtension;
			productReference = 2E8C0E082C8DA435006C34A6 /* memeWidgetExtension.appex */;
			productType = "com.apple.product-type.app-extension";
		};
		2ED969472C7C712B004BF926 /* MemeGenerator */ = {
			isa = PBXNativeTarget;
			buildConfigurationList = 2ED9695C2C7C712D004BF926 /* Build configuration list for PBXNativeTarget "MemeGenerator" */;
			buildPhases = (
				2ED969442C7C712B004BF926 /* Sources */,
				2ED969452C7C712B004BF926 /* Frameworks */,
				2ED969462C7C712B004BF926 /* Resources */,
				2E476AC52C8AD55400781E93 /* Embed Foundation Extensions */,
			);
			buildRules = (
			);
			dependencies = (
				2E8C0E142C8DA437006C34A6 /* PBXTargetDependency */,
			);
			name = MemeGenerator;
			packageProductDependencies = (
				2EB144692C80AA2A0092287B /* Alamofire */,
				6CD813B52C8736BD001D479A /* FirebaseAnalytics */,
				6CD813B72C874238001D479A /* FirebaseStorage */,
			);
			productName = MemeGenerator;
			productReference = 2ED969482C7C712B004BF926 /* MemeGenerator.app */;
			productType = "com.apple.product-type.application";
		};
/* End PBXNativeTarget section */

/* Begin PBXProject section */
		2ED969402C7C712B004BF926 /* Project object */ = {
			isa = PBXProject;
			attributes = {
				BuildIndependentTargetsInParallel = 1;
				LastSwiftUpdateCheck = 1540;
				LastUpgradeCheck = 1540;
				TargetAttributes = {
					2E8C0E072C8DA435006C34A6 = {
						CreatedOnToolsVersion = 15.4;
					};
					2ED969472C7C712B004BF926 = {
						CreatedOnToolsVersion = 15.4;
					};
				};
			};
			buildConfigurationList = 2ED969432C7C712B004BF926 /* Build configuration list for PBXProject "MemeGenerator" */;
			compatibilityVersion = "Xcode 14.0";
			developmentRegion = en;
			hasScannedForEncodings = 0;
			knownRegions = (
				en,
				Base,
				th,
			);
			mainGroup = 2ED9693F2C7C712B004BF926;
			packageReferences = (
				2EB144682C80AA2A0092287B /* XCRemoteSwiftPackageReference "Alamofire" */,
				6CD813B42C8736BD001D479A /* XCRemoteSwiftPackageReference "firebase-ios-sdk" */,
			);
			productRefGroup = 2ED969492C7C712B004BF926 /* Products */;
			projectDirPath = "";
			projectRoot = "";
			targets = (
				2ED969472C7C712B004BF926 /* MemeGenerator */,
				2E8C0E072C8DA435006C34A6 /* memeWidgetExtension */,
			);
		};
/* End PBXProject section */

/* Begin PBXResourcesBuildPhase section */
		2E8C0E062C8DA435006C34A6 /* Resources */ = {
			isa = PBXResourcesBuildPhase;
			buildActionMask = 2147483647;
			files = (
				2E8C0E112C8DA437006C34A6 /* Assets.xcassets in Resources */,
				2E8C0E282C8E996D006C34A6 /* GoogleService-Info.plist in Resources */,
			);
			runOnlyForDeploymentPostprocessing = 0;
		};
		2ED969462C7C712B004BF926 /* Resources */ = {
			isa = PBXResourcesBuildPhase;
			buildActionMask = 2147483647;
			files = (
				2ED969552C7C712D004BF926 /* Assets.xcassets in Resources */,
				2E8C0E302C8EB530006C34A6 /* Main.storyboard in Resources */,
				2E0BC9D12C88C51B004B23C0 /* GoogleService-Info.plist in Resources */,
				2ED969582C7C712D004BF926 /* Base in Resources */,
				2ED969532C7C712B004BF926 /* Base in Resources */,
			);
			runOnlyForDeploymentPostprocessing = 0;
		};
/* End PBXResourcesBuildPhase section */

/* Begin PBXSourcesBuildPhase section */
		2E8C0E042C8DA435006C34A6 /* Sources */ = {
			isa = PBXSourcesBuildPhase;
			buildActionMask = 2147483647;
			files = (
				2E8C0E1B2C8E86E1006C34A6 /* DataProvider.swift in Sources */,
				2E8C0E1C2C8E870B006C34A6 /* MemeTemplate.swift in Sources */,
				2E8C0E0D2C8DA435006C34A6 /* memeWidgetBundle.swift in Sources */,
				2E8C0E0F2C8DA435006C34A6 /* memeWidget.swift in Sources */,
			);
			runOnlyForDeploymentPostprocessing = 0;
		};
		2ED969442C7C712B004BF926 /* Sources */ = {
			isa = PBXSourcesBuildPhase;
			buildActionMask = 2147483647;
			files = (
				2ED969502C7C712B004BF926 /* ViewController.swift in Sources */,
				2EB1445F2C80553E0092287B /* FeedCell.swift in Sources */,
				2ED9694C2C7C712B004BF926 /* AppDelegate.swift in Sources */,
				6C76DD5F2C85D7260015F820 /* MemeTemplate.swift in Sources */,
				6C76DD632C85D7340015F820 /* MemeViewController.swift in Sources */,
				6C76DD612C85D72C0015F820 /* MemeTemplatesCollectionViewCell.swift in Sources */,
				2ED9694E2C7C712B004BF926 /* SceneDelegate.swift in Sources */,
				2EB144672C80652F0092287B /* FeedViewController.swift in Sources */,
			);
			runOnlyForDeploymentPostprocessing = 0;
		};
/* End PBXSourcesBuildPhase section */

/* Begin PBXTargetDependency section */
		2E8C0E142C8DA437006C34A6 /* PBXTargetDependency */ = {
			isa = PBXTargetDependency;
			target = 2E8C0E072C8DA435006C34A6 /* memeWidgetExtension */;
			targetProxy = 2E8C0E132C8DA437006C34A6 /* PBXContainerItemProxy */;
		};
/* End PBXTargetDependency section */

/* Begin PBXVariantGroup section */
		2ED969512C7C712B004BF926 /* Main.storyboard */ = {
			isa = PBXVariantGroup;
			children = (
				2ED969522C7C712B004BF926 /* Base */,
				2E8C0E2B2C8EB246006C34A6 /* th */,
			);
			name = Main.storyboard;
			sourceTree = "<group>";
		};
		2ED969562C7C712D004BF926 /* LaunchScreen.storyboard */ = {
			isa = PBXVariantGroup;
			children = (
				2ED969572C7C712D004BF926 /* Base */,
				2E8C0E2C2C8EB246006C34A6 /* th */,
			);
			name = LaunchScreen.storyboard;
			sourceTree = "<group>";
		};
/* End PBXVariantGroup section */

/* Begin XCBuildConfiguration section */
		2E8C0E172C8DA437006C34A6 /* Debug */ = {
			isa = XCBuildConfiguration;
			buildSettings = {
				ASSETCATALOG_COMPILER_GLOBAL_ACCENT_COLOR_NAME = AccentColor;
				ASSETCATALOG_COMPILER_WIDGET_BACKGROUND_COLOR_NAME = WidgetBackground;
				CODE_SIGN_IDENTITY = "Apple Development";
				CODE_SIGN_STYLE = Automatic;
				CURRENT_PROJECT_VERSION = 1;
				DEVELOPMENT_TEAM = H8FPM8JM77;
				GENERATE_INFOPLIST_FILE = YES;
				INFOPLIST_FILE = memeWidget/Info.plist;
				INFOPLIST_KEY_CFBundleDisplayName = memeWidget;
				INFOPLIST_KEY_NSHumanReadableCopyright = "";
				LD_RUNPATH_SEARCH_PATHS = (
					"$(inherited)",
					"@executable_path/Frameworks",
					"@executable_path/../../Frameworks",
				);
				MARKETING_VERSION = 1.0;
				PRODUCT_BUNDLE_IDENTIFIER = com.Pattiya.MemeGenerator.memeWidget;
				PRODUCT_NAME = "$(TARGET_NAME)";
				SKIP_INSTALL = YES;
				SWIFT_EMIT_LOC_STRINGS = YES;
				SWIFT_VERSION = 5.0;
				TARGETED_DEVICE_FAMILY = "1,2";
			};
			name = Debug;
		};
		2E8C0E182C8DA437006C34A6 /* Release */ = {
			isa = XCBuildConfiguration;
			buildSettings = {
				ASSETCATALOG_COMPILER_GLOBAL_ACCENT_COLOR_NAME = AccentColor;
				ASSETCATALOG_COMPILER_WIDGET_BACKGROUND_COLOR_NAME = WidgetBackground;
				CODE_SIGN_IDENTITY = "Apple Development";
				CODE_SIGN_STYLE = Automatic;
				CURRENT_PROJECT_VERSION = 1;
				DEVELOPMENT_TEAM = H8FPM8JM77;
				GENERATE_INFOPLIST_FILE = YES;
				INFOPLIST_FILE = memeWidget/Info.plist;
				INFOPLIST_KEY_CFBundleDisplayName = memeWidget;
				INFOPLIST_KEY_NSHumanReadableCopyright = "";
				LD_RUNPATH_SEARCH_PATHS = (
					"$(inherited)",
					"@executable_path/Frameworks",
					"@executable_path/../../Frameworks",
				);
				MARKETING_VERSION = 1.0;
				PRODUCT_BUNDLE_IDENTIFIER = com.Pattiya.MemeGenerator.memeWidget;
				PRODUCT_NAME = "$(TARGET_NAME)";
				SKIP_INSTALL = YES;
				SWIFT_EMIT_LOC_STRINGS = YES;
				SWIFT_VERSION = 5.0;
				TARGETED_DEVICE_FAMILY = "1,2";
			};
			name = Release;
		};
		2ED9695A2C7C712D004BF926 /* Debug */ = {
			isa = XCBuildConfiguration;
			buildSettings = {
				ALWAYS_SEARCH_USER_PATHS = NO;
				ASSETCATALOG_COMPILER_GENERATE_SWIFT_ASSET_SYMBOL_EXTENSIONS = YES;
				CLANG_ANALYZER_LOCALIZABILITY_NONLOCALIZED = YES;
				CLANG_ANALYZER_NONNULL = YES;
				CLANG_ANALYZER_NUMBER_OBJECT_CONVERSION = YES_AGGRESSIVE;
				CLANG_CXX_LANGUAGE_STANDARD = "gnu++20";
				CLANG_ENABLE_MODULES = YES;
				CLANG_ENABLE_OBJC_ARC = YES;
				CLANG_ENABLE_OBJC_WEAK = YES;
				CLANG_WARN_BLOCK_CAPTURE_AUTORELEASING = YES;
				CLANG_WARN_BOOL_CONVERSION = YES;
				CLANG_WARN_COMMA = YES;
				CLANG_WARN_CONSTANT_CONVERSION = YES;
				CLANG_WARN_DEPRECATED_OBJC_IMPLEMENTATIONS = YES;
				CLANG_WARN_DIRECT_OBJC_ISA_USAGE = YES_ERROR;
				CLANG_WARN_DOCUMENTATION_COMMENTS = YES;
				CLANG_WARN_EMPTY_BODY = YES;
				CLANG_WARN_ENUM_CONVERSION = YES;
				CLANG_WARN_INFINITE_RECURSION = YES;
				CLANG_WARN_INT_CONVERSION = YES;
				CLANG_WARN_NON_LITERAL_NULL_CONVERSION = YES;
				CLANG_WARN_OBJC_IMPLICIT_RETAIN_SELF = YES;
				CLANG_WARN_OBJC_LITERAL_CONVERSION = YES;
				CLANG_WARN_OBJC_ROOT_CLASS = YES_ERROR;
				CLANG_WARN_QUOTED_INCLUDE_IN_FRAMEWORK_HEADER = YES;
				CLANG_WARN_RANGE_LOOP_ANALYSIS = YES;
				CLANG_WARN_STRICT_PROTOTYPES = YES;
				CLANG_WARN_SUSPICIOUS_MOVE = YES;
				CLANG_WARN_UNGUARDED_AVAILABILITY = YES_AGGRESSIVE;
				CLANG_WARN_UNREACHABLE_CODE = YES;
				CLANG_WARN__DUPLICATE_METHOD_MATCH = YES;
				COPY_PHASE_STRIP = NO;
				DEBUG_INFORMATION_FORMAT = dwarf;
				ENABLE_STRICT_OBJC_MSGSEND = YES;
				ENABLE_TESTABILITY = YES;
				ENABLE_USER_SCRIPT_SANDBOXING = YES;
				GCC_C_LANGUAGE_STANDARD = gnu17;
				GCC_DYNAMIC_NO_PIC = NO;
				GCC_NO_COMMON_BLOCKS = YES;
				GCC_OPTIMIZATION_LEVEL = 0;
				GCC_PREPROCESSOR_DEFINITIONS = (
					"DEBUG=1",
					"$(inherited)",
				);
				GCC_WARN_64_TO_32_BIT_CONVERSION = YES;
				GCC_WARN_ABOUT_RETURN_TYPE = YES_ERROR;
				GCC_WARN_UNDECLARED_SELECTOR = YES;
				GCC_WARN_UNINITIALIZED_AUTOS = YES_AGGRESSIVE;
				GCC_WARN_UNUSED_FUNCTION = YES;
				GCC_WARN_UNUSED_VARIABLE = YES;
				IPHONEOS_DEPLOYMENT_TARGET = 17.5;
				LOCALIZATION_PREFERS_STRING_CATALOGS = YES;
				MTL_ENABLE_DEBUG_INFO = INCLUDE_SOURCE;
				MTL_FAST_MATH = YES;
				ONLY_ACTIVE_ARCH = YES;
				SDKROOT = iphoneos;
				SWIFT_ACTIVE_COMPILATION_CONDITIONS = "DEBUG $(inherited)";
				SWIFT_OPTIMIZATION_LEVEL = "-Onone";
			};
			name = Debug;
		};
		2ED9695B2C7C712D004BF926 /* Release */ = {
			isa = XCBuildConfiguration;
			buildSettings = {
				ALWAYS_SEARCH_USER_PATHS = NO;
				ASSETCATALOG_COMPILER_GENERATE_SWIFT_ASSET_SYMBOL_EXTENSIONS = YES;
				CLANG_ANALYZER_LOCALIZABILITY_NONLOCALIZED = YES;
				CLANG_ANALYZER_NONNULL = YES;
				CLANG_ANALYZER_NUMBER_OBJECT_CONVERSION = YES_AGGRESSIVE;
				CLANG_CXX_LANGUAGE_STANDARD = "gnu++20";
				CLANG_ENABLE_MODULES = YES;
				CLANG_ENABLE_OBJC_ARC = YES;
				CLANG_ENABLE_OBJC_WEAK = YES;
				CLANG_WARN_BLOCK_CAPTURE_AUTORELEASING = YES;
				CLANG_WARN_BOOL_CONVERSION = YES;
				CLANG_WARN_COMMA = YES;
				CLANG_WARN_CONSTANT_CONVERSION = YES;
				CLANG_WARN_DEPRECATED_OBJC_IMPLEMENTATIONS = YES;
				CLANG_WARN_DIRECT_OBJC_ISA_USAGE = YES_ERROR;
				CLANG_WARN_DOCUMENTATION_COMMENTS = YES;
				CLANG_WARN_EMPTY_BODY = YES;
				CLANG_WARN_ENUM_CONVERSION = YES;
				CLANG_WARN_INFINITE_RECURSION = YES;
				CLANG_WARN_INT_CONVERSION = YES;
				CLANG_WARN_NON_LITERAL_NULL_CONVERSION = YES;
				CLANG_WARN_OBJC_IMPLICIT_RETAIN_SELF = YES;
				CLANG_WARN_OBJC_LITERAL_CONVERSION = YES;
				CLANG_WARN_OBJC_ROOT_CLASS = YES_ERROR;
				CLANG_WARN_QUOTED_INCLUDE_IN_FRAMEWORK_HEADER = YES;
				CLANG_WARN_RANGE_LOOP_ANALYSIS = YES;
				CLANG_WARN_STRICT_PROTOTYPES = YES;
				CLANG_WARN_SUSPICIOUS_MOVE = YES;
				CLANG_WARN_UNGUARDED_AVAILABILITY = YES_AGGRESSIVE;
				CLANG_WARN_UNREACHABLE_CODE = YES;
				CLANG_WARN__DUPLICATE_METHOD_MATCH = YES;
				COPY_PHASE_STRIP = NO;
				DEBUG_INFORMATION_FORMAT = "dwarf-with-dsym";
				ENABLE_NS_ASSERTIONS = NO;
				ENABLE_STRICT_OBJC_MSGSEND = YES;
				ENABLE_USER_SCRIPT_SANDBOXING = YES;
				GCC_C_LANGUAGE_STANDARD = gnu17;
				GCC_NO_COMMON_BLOCKS = YES;
				GCC_WARN_64_TO_32_BIT_CONVERSION = YES;
				GCC_WARN_ABOUT_RETURN_TYPE = YES_ERROR;
				GCC_WARN_UNDECLARED_SELECTOR = YES;
				GCC_WARN_UNINITIALIZED_AUTOS = YES_AGGRESSIVE;
				GCC_WARN_UNUSED_FUNCTION = YES;
				GCC_WARN_UNUSED_VARIABLE = YES;
				IPHONEOS_DEPLOYMENT_TARGET = 17.5;
				LOCALIZATION_PREFERS_STRING_CATALOGS = YES;
				MTL_ENABLE_DEBUG_INFO = NO;
				MTL_FAST_MATH = YES;
				SDKROOT = iphoneos;
				SWIFT_COMPILATION_MODE = wholemodule;
				VALIDATE_PRODUCT = YES;
			};
			name = Release;
		};
		2ED9695D2C7C712D004BF926 /* Debug */ = {
			isa = XCBuildConfiguration;
			buildSettings = {
				ALWAYS_EMBED_SWIFT_STANDARD_LIBRARIES = YES;
				ASSETCATALOG_COMPILER_APPICON_NAME = AppIcon;
				ASSETCATALOG_COMPILER_GLOBAL_ACCENT_COLOR_NAME = AccentColor;
				CODE_SIGN_ENTITLEMENTS = MemeGenerator/MemeGenerator.entitlements;
				CODE_SIGN_IDENTITY = "Apple Development";
				CODE_SIGN_STYLE = Automatic;
				CURRENT_PROJECT_VERSION = 1;
				DEVELOPMENT_TEAM = H8FPM8JM77;
				GENERATE_INFOPLIST_FILE = YES;
				INFOPLIST_FILE = MemeGenerator/Info.plist;
				INFOPLIST_KEY_NSCameraUsageDescription = "This app requires access to the camera to allow you to capture photos.";
				INFOPLIST_KEY_NSFaceIDUsageDescription = "We use Face ID to secure your account.";
				INFOPLIST_KEY_NSPhotoLibraryAddUsageDescription = "This app needs access to save memes to your photo library.";
				INFOPLIST_KEY_UIApplicationSupportsIndirectInputEvents = YES;
				INFOPLIST_KEY_UILaunchStoryboardName = LaunchScreen;
				INFOPLIST_KEY_UIMainStoryboardFile = Main;
				INFOPLIST_KEY_UISupportedInterfaceOrientations_iPad = "UIInterfaceOrientationPortrait UIInterfaceOrientationPortraitUpsideDown UIInterfaceOrientationLandscapeLeft UIInterfaceOrientationLandscapeRight";
				INFOPLIST_KEY_UISupportedInterfaceOrientations_iPhone = "UIInterfaceOrientationPortrait UIInterfaceOrientationLandscapeLeft UIInterfaceOrientationLandscapeRight";
				LD_RUNPATH_SEARCH_PATHS = (
					"$(inherited)",
					"@executable_path/Frameworks",
				);
				MARKETING_VERSION = 1.0;
				PRODUCT_BUNDLE_IDENTIFIER = com.Pattiya.MemeGenerator;
				PRODUCT_NAME = "$(TARGET_NAME)";
				PROVISIONING_PROFILE_SPECIFIER = "";
				SWIFT_EMIT_LOC_STRINGS = YES;
				SWIFT_VERSION = 5.0;
				TARGETED_DEVICE_FAMILY = "1,2";
			};
			name = Debug;
		};
		2ED9695E2C7C712D004BF926 /* Release */ = {
			isa = XCBuildConfiguration;
			buildSettings = {
				ALWAYS_EMBED_SWIFT_STANDARD_LIBRARIES = YES;
				ASSETCATALOG_COMPILER_APPICON_NAME = AppIcon;
				ASSETCATALOG_COMPILER_GLOBAL_ACCENT_COLOR_NAME = AccentColor;
				CODE_SIGN_ENTITLEMENTS = MemeGenerator/MemeGenerator.entitlements;
				CODE_SIGN_IDENTITY = "Apple Development";
				CODE_SIGN_STYLE = Automatic;
				CURRENT_PROJECT_VERSION = 1;
				DEVELOPMENT_TEAM = H8FPM8JM77;
				GENERATE_INFOPLIST_FILE = YES;
				INFOPLIST_FILE = MemeGenerator/Info.plist;
				INFOPLIST_KEY_NSCameraUsageDescription = "This app requires access to the camera to allow you to capture photos.";
				INFOPLIST_KEY_NSFaceIDUsageDescription = "We use Face ID to secure your account.";
				INFOPLIST_KEY_NSPhotoLibraryAddUsageDescription = "This app needs access to save memes to your photo library.";
				INFOPLIST_KEY_UIApplicationSupportsIndirectInputEvents = YES;
				INFOPLIST_KEY_UILaunchStoryboardName = LaunchScreen;
				INFOPLIST_KEY_UIMainStoryboardFile = Main;
				INFOPLIST_KEY_UISupportedInterfaceOrientations_iPad = "UIInterfaceOrientationPortrait UIInterfaceOrientationPortraitUpsideDown UIInterfaceOrientationLandscapeLeft UIInterfaceOrientationLandscapeRight";
				INFOPLIST_KEY_UISupportedInterfaceOrientations_iPhone = "UIInterfaceOrientationPortrait UIInterfaceOrientationLandscapeLeft UIInterfaceOrientationLandscapeRight";
				LD_RUNPATH_SEARCH_PATHS = (
					"$(inherited)",
					"@executable_path/Frameworks",
				);
				MARKETING_VERSION = 1.0;
				PRODUCT_BUNDLE_IDENTIFIER = com.Pattiya.MemeGenerator;
				PRODUCT_NAME = "$(TARGET_NAME)";
				PROVISIONING_PROFILE_SPECIFIER = "";
				SWIFT_EMIT_LOC_STRINGS = YES;
				SWIFT_VERSION = 5.0;
				TARGETED_DEVICE_FAMILY = "1,2";
			};
			name = Release;
		};
/* End XCBuildConfiguration section */

/* Begin XCConfigurationList section */
		2E8C0E162C8DA437006C34A6 /* Build configuration list for PBXNativeTarget "memeWidgetExtension" */ = {
			isa = XCConfigurationList;
			buildConfigurations = (
				2E8C0E172C8DA437006C34A6 /* Debug */,
				2E8C0E182C8DA437006C34A6 /* Release */,
			);
			defaultConfigurationIsVisible = 0;
			defaultConfigurationName = Release;
		};
		2ED969432C7C712B004BF926 /* Build configuration list for PBXProject "MemeGenerator" */ = {
			isa = XCConfigurationList;
			buildConfigurations = (
				2ED9695A2C7C712D004BF926 /* Debug */,
				2ED9695B2C7C712D004BF926 /* Release */,
			);
			defaultConfigurationIsVisible = 0;
			defaultConfigurationName = Release;
		};
		2ED9695C2C7C712D004BF926 /* Build configuration list for PBXNativeTarget "MemeGenerator" */ = {
			isa = XCConfigurationList;
			buildConfigurations = (
				2ED9695D2C7C712D004BF926 /* Debug */,
				2ED9695E2C7C712D004BF926 /* Release */,
			);
			defaultConfigurationIsVisible = 0;
			defaultConfigurationName = Release;
		};
/* End XCConfigurationList section */

/* Begin XCRemoteSwiftPackageReference section */
		2EB144682C80AA2A0092287B /* XCRemoteSwiftPackageReference "Alamofire" */ = {
			isa = XCRemoteSwiftPackageReference;
			repositoryURL = "https://github.com/Alamofire/Alamofire.git";
			requirement = {
				kind = upToNextMajorVersion;
				minimumVersion = 5.9.1;
			};
		};
		6CD813B42C8736BD001D479A /* XCRemoteSwiftPackageReference "firebase-ios-sdk" */ = {
			isa = XCRemoteSwiftPackageReference;
			repositoryURL = "https://github.com/firebase/firebase-ios-sdk";
			requirement = {
				kind = upToNextMajorVersion;
				minimumVersion = 11.1.0;
			};
		};
/* End XCRemoteSwiftPackageReference section */

/* Begin XCSwiftPackageProductDependency section */
		2E8C0E1D2C8E8805006C34A6 /* FirebaseAnalytics */ = {
			isa = XCSwiftPackageProductDependency;
			package = 6CD813B42C8736BD001D479A /* XCRemoteSwiftPackageReference "firebase-ios-sdk" */;
			productName = FirebaseAnalytics;
		};
		2E8C0E1F2C8E8805006C34A6 /* FirebaseFirestore */ = {
			isa = XCSwiftPackageProductDependency;
			package = 6CD813B42C8736BD001D479A /* XCRemoteSwiftPackageReference "firebase-ios-sdk" */;
			productName = FirebaseFirestore;
		};
		2E8C0E212C8E8805006C34A6 /* FirebaseStorage */ = {
			isa = XCSwiftPackageProductDependency;
			package = 6CD813B42C8736BD001D479A /* XCRemoteSwiftPackageReference "firebase-ios-sdk" */;
			productName = FirebaseStorage;
		};
		2E8C0E232C8E8818006C34A6 /* Alamofire */ = {
			isa = XCSwiftPackageProductDependency;
			package = 2EB144682C80AA2A0092287B /* XCRemoteSwiftPackageReference "Alamofire" */;
			productName = Alamofire;
		};
		2EB144692C80AA2A0092287B /* Alamofire */ = {
			isa = XCSwiftPackageProductDependency;
			package = 2EB144682C80AA2A0092287B /* XCRemoteSwiftPackageReference "Alamofire" */;
			productName = Alamofire;
		};
		6CD813B52C8736BD001D479A /* FirebaseAnalytics */ = {
			isa = XCSwiftPackageProductDependency;
			package = 6CD813B42C8736BD001D479A /* XCRemoteSwiftPackageReference "firebase-ios-sdk" */;
			productName = FirebaseAnalytics;
		};
		6CD813B72C874238001D479A /* FirebaseStorage */ = {
			isa = XCSwiftPackageProductDependency;
			package = 6CD813B42C8736BD001D479A /* XCRemoteSwiftPackageReference "firebase-ios-sdk" */;
			productName = FirebaseStorage;
		};
/* End XCSwiftPackageProductDependency section */
	};
	rootObject = 2ED969402C7C712B004BF926 /* Project object */;
}
